
Microsoft Visual Studio Solution File, Format Version 12.00
# Visual Studio 15
VisualStudioVersion = 15.0.27428.2015
MinimumVisualStudioVersion = 10.0.40219.1
Project("{FAE04EC0-301F-11D3-BF4B-00C04F79EFBC}") = "WebAppTb01Lab1_Ighor_Moura", "WebAppTb01Lab1_Ighor_Moura\WebAppTb01Lab1_Ighor_Moura.csproj", "{58BF6DB2-148C-4C63-9334-EE852448DA10}"
EndProject
Global
	GlobalSection(SolutionConfigurationPlatforms) = preSolution
		Debug|Any CPU = Debug|Any CPU
		Release|Any CPU = Release|Any CPU
	EndGlobalSection
	GlobalSection(ProjectConfigurationPlatforms) = postSolution
		{58BF6DB2-148C-4C63-9334-EE852448DA10}.Debug|Any CPU.ActiveCfg = Debug|Any CPU
		{58BF6DB2-148C-4C63-9334-EE852448DA10}.Debug|Any CPU.Build.0 = Debug|Any CPU
		{58BF6DB2-148C-4C63-9334-EE852448DA10}.Release|Any CPU.ActiveCfg = Release|Any CPU
		{58BF6DB2-148C-4C63-9334-EE852448DA10}.Release|Any CPU.Build.0 = Release|Any CPU
	EndGlobalSection
	GlobalSection(SolutionProperties) = preSolution
		HideSolutionNode = FALSE
	EndGlobalSection
	GlobalSection(ExtensibilityGlobals) = postSolution
		SolutionGuid = {4570E5FD-2822-414F-B74D-49611F995B4A}
	EndGlobalSection
EndGlobal
